// !$*UTF8*$!
{
	archiveVersion = 1;
	classes = {
	};
	objectVersion = 56;
	objects = {

/* Begin PBXBuildFile section */
		DB3A7AC52A86890800160BFD /* ArtiPicApp.swift in Sources */ = {isa = PBXBuildFile; fileRef = DB3A7AC42A86890800160BFD /* ArtiPicApp.swift */; };
		DB3A7AC72A86890800160BFD /* ContentView.swift in Sources */ = {isa = PBXBuildFile; fileRef = DB3A7AC62A86890800160BFD /* ContentView.swift */; };
		DB3A7AC92A86890900160BFD /* Assets.xcassets in Resources */ = {isa = PBXBuildFile; fileRef = DB3A7AC82A86890900160BFD /* Assets.xcassets */; };
		DB3A7ACC2A86890900160BFD /* Preview Assets.xcassets in Resources */ = {isa = PBXBuildFile; fileRef = DB3A7ACB2A86890900160BFD /* Preview Assets.xcassets */; };
		DB3D4AAB2A8D418300E338AC /* ImagePicker.swift in Sources */ = {isa = PBXBuildFile; fileRef = DB3D4AAA2A8D418300E338AC /* ImagePicker.swift */; };
		DB3D4AB12A922DB600E338AC /* AIViewModel.swift in Sources */ = {isa = PBXBuildFile; fileRef = DB3D4AB02A922DB600E338AC /* AIViewModel.swift */; };
		DB3D4AB42A922E0D00E338AC /* OpenAIKit in Frameworks */ = {isa = PBXBuildFile; productRef = DB3D4AB32A922E0D00E338AC /* OpenAIKit */; };
		E529B1942A88233100C94E60 /* MainTabView.swift in Sources */ = {isa = PBXBuildFile; fileRef = E529B1932A88233100C94E60 /* MainTabView.swift */; };
		E529B1972A88288800C94E60 /* ProfileView.swift in Sources */ = {isa = PBXBuildFile; fileRef = E529B1962A88288800C94E60 /* ProfileView.swift */; };
		E529B1992A8829B700C94E60 /* User.swift in Sources */ = {isa = PBXBuildFile; fileRef = E529B1982A8829B700C94E60 /* User.swift */; };
		E529B19B2A88394700C94E60 /* LoginView.swift in Sources */ = {isa = PBXBuildFile; fileRef = E529B19A2A88394700C94E60 /* LoginView.swift */; };
		E529B19D2A8839D200C94E60 /* TextFieldModifier.swift in Sources */ = {isa = PBXBuildFile; fileRef = E529B19C2A8839D200C94E60 /* TextFieldModifier.swift */; };
		E529B19F2A883CBC00C94E60 /* AddEmailView.swift in Sources */ = {isa = PBXBuildFile; fileRef = E529B19E2A883CBC00C94E60 /* AddEmailView.swift */; };
		E529B1A12A883E4100C94E60 /* CreateUsernameView.swift in Sources */ = {isa = PBXBuildFile; fileRef = E529B1A02A883E4100C94E60 /* CreateUsernameView.swift */; };
		E529B1A32A883F2900C94E60 /* CreatePasswordView.swift in Sources */ = {isa = PBXBuildFile; fileRef = E529B1A22A883F2900C94E60 /* CreatePasswordView.swift */; };
		E529B1A52A883FE700C94E60 /* CompleteSignUpView.swift in Sources */ = {isa = PBXBuildFile; fileRef = E529B1A42A883FE700C94E60 /* CompleteSignUpView.swift */; };
		E529B1A72A8942CD00C94E60 /* GoogleService-Info.plist in Resources */ = {isa = PBXBuildFile; fileRef = E529B1A62A8942CD00C94E60 /* GoogleService-Info.plist */; };
		E529B1AA2A89436600C94E60 /* FirebaseAuth in Frameworks */ = {isa = PBXBuildFile; productRef = E529B1A92A89436600C94E60 /* FirebaseAuth */; };
		E529B1AC2A89436600C94E60 /* FirebaseFirestore in Frameworks */ = {isa = PBXBuildFile; productRef = E529B1AB2A89436600C94E60 /* FirebaseFirestore */; };
		E529B1AE2A89436600C94E60 /* FirebaseFirestoreSwift in Frameworks */ = {isa = PBXBuildFile; productRef = E529B1AD2A89436600C94E60 /* FirebaseFirestoreSwift */; };
		E529B1B02A89436600C94E60 /* FirebaseStorage in Frameworks */ = {isa = PBXBuildFile; productRef = E529B1AF2A89436600C94E60 /* FirebaseStorage */; };
		E529B1B42A8945BD00C94E60 /* AuthService.swift in Sources */ = {isa = PBXBuildFile; fileRef = E529B1B32A8945BD00C94E60 /* AuthService.swift */; };
		E529B1B92A8948F600C94E60 /* ContentViewModel.swift in Sources */ = {isa = PBXBuildFile; fileRef = E529B1B82A8948F600C94E60 /* ContentViewModel.swift */; };
		E529B1BC2A89527000C94E60 /* RegistrationViewModel.swift in Sources */ = {isa = PBXBuildFile; fileRef = E529B1BB2A89527000C94E60 /* RegistrationViewModel.swift */; };
		E529B1BF2A895F7100C94E60 /* PhotoView.swift in Sources */ = {isa = PBXBuildFile; fileRef = E529B1BE2A895F7100C94E60 /* PhotoView.swift */; };
		E529B1C22A895F8E00C94E60 /* AIView.swift in Sources */ = {isa = PBXBuildFile; fileRef = E529B1C12A895F8E00C94E60 /* AIView.swift */; };
		E529B1C52A895FA600C94E60 /* CollectionView.swift in Sources */ = {isa = PBXBuildFile; fileRef = E529B1C42A895FA600C94E60 /* CollectionView.swift */; };
		E529B1C72A89A5B600C94E60 /* LoginViewModel.swift in Sources */ = {isa = PBXBuildFile; fileRef = E529B1C62A89A5B600C94E60 /* LoginViewModel.swift */; };
		E529B1C92A8AE05A00C94E60 /* EditProfileView.swift in Sources */ = {isa = PBXBuildFile; fileRef = E529B1C82A8AE05A00C94E60 /* EditProfileView.swift */; };
		E529B1CD2A8AE90400C94E60 /* EditProfileViewModel.swift in Sources */ = {isa = PBXBuildFile; fileRef = E529B1CC2A8AE90400C94E60 /* EditProfileViewModel.swift */; };
		E529B1CF2A8AF22D00C94E60 /* ImageUploader.swift in Sources */ = {isa = PBXBuildFile; fileRef = E529B1CE2A8AF22D00C94E60 /* ImageUploader.swift */; };
		E529B1D22A8C437800C94E60 /* Kingfisher in Frameworks */ = {isa = PBXBuildFile; productRef = E529B1D12A8C437800C94E60 /* Kingfisher */; };
		E529B1D42A8C440C00C94E60 /* CircularProfileImageView.swift in Sources */ = {isa = PBXBuildFile; fileRef = E529B1D32A8C440C00C94E60 /* CircularProfileImageView.swift */; };
/* End PBXBuildFile section */

/* Begin PBXFileReference section */
		DB3A7AC12A86890800160BFD /* ArtiPic.app */ = {isa = PBXFileReference; explicitFileType = wrapper.application; includeInIndex = 0; path = ArtiPic.app; sourceTree = BUILT_PRODUCTS_DIR; };
		DB3A7AC42A86890800160BFD /* ArtiPicApp.swift */ = {isa = PBXFileReference; lastKnownFileType = sourcecode.swift; path = ArtiPicApp.swift; sourceTree = "<group>"; };
		DB3A7AC62A86890800160BFD /* ContentView.swift */ = {isa = PBXFileReference; lastKnownFileType = sourcecode.swift; path = ContentView.swift; sourceTree = "<group>"; };
		DB3A7AC82A86890900160BFD /* Assets.xcassets */ = {isa = PBXFileReference; lastKnownFileType = folder.assetcatalog; path = Assets.xcassets; sourceTree = "<group>"; };
		DB3A7ACB2A86890900160BFD /* Preview Assets.xcassets */ = {isa = PBXFileReference; lastKnownFileType = folder.assetcatalog; path = "Preview Assets.xcassets"; sourceTree = "<group>"; };
		DB3D4AAA2A8D418300E338AC /* ImagePicker.swift */ = {isa = PBXFileReference; lastKnownFileType = sourcecode.swift; path = ImagePicker.swift; sourceTree = "<group>"; };
		DB3D4AB02A922DB600E338AC /* AIViewModel.swift */ = {isa = PBXFileReference; lastKnownFileType = sourcecode.swift; path = AIViewModel.swift; sourceTree = "<group>"; };
		E529B1932A88233100C94E60 /* MainTabView.swift */ = {isa = PBXFileReference; lastKnownFileType = sourcecode.swift; path = MainTabView.swift; sourceTree = "<group>"; };
		E529B1962A88288800C94E60 /* ProfileView.swift */ = {isa = PBXFileReference; lastKnownFileType = sourcecode.swift; path = ProfileView.swift; sourceTree = "<group>"; };
		E529B1982A8829B700C94E60 /* User.swift */ = {isa = PBXFileReference; lastKnownFileType = sourcecode.swift; path = User.swift; sourceTree = "<group>"; };
		E529B19A2A88394700C94E60 /* LoginView.swift */ = {isa = PBXFileReference; lastKnownFileType = sourcecode.swift; path = LoginView.swift; sourceTree = "<group>"; };
		E529B19C2A8839D200C94E60 /* TextFieldModifier.swift */ = {isa = PBXFileReference; lastKnownFileType = sourcecode.swift; path = TextFieldModifier.swift; sourceTree = "<group>"; };
		E529B19E2A883CBC00C94E60 /* AddEmailView.swift */ = {isa = PBXFileReference; lastKnownFileType = sourcecode.swift; path = AddEmailView.swift; sourceTree = "<group>"; };
		E529B1A02A883E4100C94E60 /* CreateUsernameView.swift */ = {isa = PBXFileReference; lastKnownFileType = sourcecode.swift; path = CreateUsernameView.swift; sourceTree = "<group>"; };
		E529B1A22A883F2900C94E60 /* CreatePasswordView.swift */ = {isa = PBXFileReference; lastKnownFileType = sourcecode.swift; path = CreatePasswordView.swift; sourceTree = "<group>"; };
		E529B1A42A883FE700C94E60 /* CompleteSignUpView.swift */ = {isa = PBXFileReference; lastKnownFileType = sourcecode.swift; path = CompleteSignUpView.swift; sourceTree = "<group>"; };
		E529B1A62A8942CD00C94E60 /* GoogleService-Info.plist */ = {isa = PBXFileReference; fileEncoding = 4; lastKnownFileType = text.plist.xml; path = "GoogleService-Info.plist"; sourceTree = "<group>"; };
		E529B1B32A8945BD00C94E60 /* AuthService.swift */ = {isa = PBXFileReference; lastKnownFileType = sourcecode.swift; path = AuthService.swift; sourceTree = "<group>"; };
		E529B1B82A8948F600C94E60 /* ContentViewModel.swift */ = {isa = PBXFileReference; lastKnownFileType = sourcecode.swift; path = ContentViewModel.swift; sourceTree = "<group>"; };
		E529B1BB2A89527000C94E60 /* RegistrationViewModel.swift */ = {isa = PBXFileReference; lastKnownFileType = sourcecode.swift; path = RegistrationViewModel.swift; sourceTree = "<group>"; };
		E529B1BE2A895F7100C94E60 /* PhotoView.swift */ = {isa = PBXFileReference; lastKnownFileType = sourcecode.swift; path = PhotoView.swift; sourceTree = "<group>"; };
		E529B1C12A895F8E00C94E60 /* AIView.swift */ = {isa = PBXFileReference; lastKnownFileType = sourcecode.swift; path = AIView.swift; sourceTree = "<group>"; };
		E529B1C42A895FA600C94E60 /* CollectionView.swift */ = {isa = PBXFileReference; lastKnownFileType = sourcecode.swift; path = CollectionView.swift; sourceTree = "<group>"; };
		E529B1C62A89A5B600C94E60 /* LoginViewModel.swift */ = {isa = PBXFileReference; lastKnownFileType = sourcecode.swift; path = LoginViewModel.swift; sourceTree = "<group>"; };
		E529B1C82A8AE05A00C94E60 /* EditProfileView.swift */ = {isa = PBXFileReference; lastKnownFileType = sourcecode.swift; path = EditProfileView.swift; sourceTree = "<group>"; };
		E529B1CC2A8AE90400C94E60 /* EditProfileViewModel.swift */ = {isa = PBXFileReference; lastKnownFileType = sourcecode.swift; path = EditProfileViewModel.swift; sourceTree = "<group>"; };
		E529B1CE2A8AF22D00C94E60 /* ImageUploader.swift */ = {isa = PBXFileReference; lastKnownFileType = sourcecode.swift; path = ImageUploader.swift; sourceTree = "<group>"; };
		E529B1D32A8C440C00C94E60 /* CircularProfileImageView.swift */ = {isa = PBXFileReference; lastKnownFileType = sourcecode.swift; path = CircularProfileImageView.swift; sourceTree = "<group>"; };
/* End PBXFileReference section */

/* Begin PBXFrameworksBuildPhase section */
		DB3A7ABE2A86890800160BFD /* Frameworks */ = {
			isa = PBXFrameworksBuildPhase;
			buildActionMask = 2147483647;
			files = (
				E529B1AA2A89436600C94E60 /* FirebaseAuth in Frameworks */,
				E529B1B02A89436600C94E60 /* FirebaseStorage in Frameworks */,
				E529B1AC2A89436600C94E60 /* FirebaseFirestore in Frameworks */,
				E529B1AE2A89436600C94E60 /* FirebaseFirestoreSwift in Frameworks */,
				E529B1D22A8C437800C94E60 /* Kingfisher in Frameworks */,
				DB3D4AB42A922E0D00E338AC /* OpenAIKit in Frameworks */,
			);
			runOnlyForDeploymentPostprocessing = 0;
		};
/* End PBXFrameworksBuildPhase section */

/* Begin PBXGroup section */
		DB3A7AB82A86890800160BFD = {
			isa = PBXGroup;
			children = (
				DB3A7AC32A86890800160BFD /* ArtiPic */,
				DB3A7AC22A86890800160BFD /* Products */,
			);
			sourceTree = "<group>";
		};
		DB3A7AC22A86890800160BFD /* Products */ = {
			isa = PBXGroup;
			children = (
				DB3A7AC12A86890800160BFD /* ArtiPic.app */,
			);
			name = Products;
			sourceTree = "<group>";
		};
		DB3A7AC32A86890800160BFD /* ArtiPic */ = {
			isa = PBXGroup;
			children = (
				E529B18C2A8821BB00C94E60 /* App */,
				E529B18B2A88218200C94E60 /* Core */,
				E529B18D2A88220700C94E60 /* Extensions */,
				E529B18F2A88223900C94E60 /* Model */,
				E529B18E2A88222800C94E60 /* Services */,
				E529B1A62A8942CD00C94E60 /* GoogleService-Info.plist */,
				DB3A7AC82A86890900160BFD /* Assets.xcassets */,
				DB3A7ACA2A86890900160BFD /* Preview Content */,
			);
			path = ArtiPic;
			sourceTree = "<group>";
		};
		DB3A7ACA2A86890900160BFD /* Preview Content */ = {
			isa = PBXGroup;
			children = (
				DB3A7ACB2A86890900160BFD /* Preview Assets.xcassets */,
			);
			path = "Preview Content";
			sourceTree = "<group>";
		};
		DB3D4AA02A8C891500E338AC /* View */ = {
			isa = PBXGroup;
			children = (
				E529B1BE2A895F7100C94E60 /* PhotoView.swift */,
			);
			path = View;
			sourceTree = "<group>";
		};
		DB3D4AA12A8C891F00E338AC /* ViewModel */ = {
			isa = PBXGroup;
			children = (
				DB3D4AAA2A8D418300E338AC /* ImagePicker.swift */,
			);
			path = ViewModel;
			sourceTree = "<group>";
		};
		DB3D4AAC2A9228CF00E338AC /* ViewModel */ = {
			isa = PBXGroup;
			children = (
				DB3D4AB02A922DB600E338AC /* AIViewModel.swift */,
			);
			path = ViewModel;
			sourceTree = "<group>";
		};
		DB3D4AAD2A9228D700E338AC /* View */ = {
			isa = PBXGroup;
			children = (
				E529B1C12A895F8E00C94E60 /* AIView.swift */,
			);
			path = View;
			sourceTree = "<group>";
		};
		E529B18B2A88218200C94E60 /* Core */ = {
			isa = PBXGroup;
			children = (
				E529B1902A88228700C94E60 /* Authentication */,
				E529B1912A88229C00C94E60 /* Components */,
				E529B1BD2A895F4D00C94E60 /* Photo */,
				E529B1C02A895F7E00C94E60 /* AI */,
				E529B1C32A895F9500C94E60 /* Collection */,
				E529B1952A88285400C94E60 /* Profile */,
				E529B1B52A89485F00C94E60 /* Root */,
				E529B1922A8822A700C94E60 /* TabBar */,
			);
			path = Core;
			sourceTree = "<group>";
		};
		E529B18C2A8821BB00C94E60 /* App */ = {
			isa = PBXGroup;
			children = (
				DB3A7AC42A86890800160BFD /* ArtiPicApp.swift */,
			);
			path = App;
			sourceTree = "<group>";
		};
		E529B18D2A88220700C94E60 /* Extensions */ = {
			isa = PBXGroup;
			children = (
			);
			path = Extensions;
			sourceTree = "<group>";
		};
		E529B18E2A88222800C94E60 /* Services */ = {
			isa = PBXGroup;
			children = (
				E529B1CE2A8AF22D00C94E60 /* ImageUploader.swift */,
			);
			path = Services;
			sourceTree = "<group>";
		};
		E529B18F2A88223900C94E60 /* Model */ = {
			isa = PBXGroup;
			children = (
				E529B1982A8829B700C94E60 /* User.swift */,
			);
			path = Model;
			sourceTree = "<group>";
		};
		E529B1902A88228700C94E60 /* Authentication */ = {
			isa = PBXGroup;
			children = (
				E529B1B12A89453100C94E60 /* View */,
				E529B1BA2A89523800C94E60 /* ViewModel */,
				E529B1B22A89459900C94E60 /* Service */,
			);
			path = Authentication;
			sourceTree = "<group>";
		};
		E529B1912A88229C00C94E60 /* Components */ = {
			isa = PBXGroup;
			children = (
				E529B19C2A8839D200C94E60 /* TextFieldModifier.swift */,
				E529B1D32A8C440C00C94E60 /* CircularProfileImageView.swift */,
			);
			path = Components;
			sourceTree = "<group>";
		};
		E529B1922A8822A700C94E60 /* TabBar */ = {
			isa = PBXGroup;
			children = (
				E529B1932A88233100C94E60 /* MainTabView.swift */,
			);
			path = TabBar;
			sourceTree = "<group>";
		};
		E529B1952A88285400C94E60 /* Profile */ = {
			isa = PBXGroup;
			children = (
				E529B1CA2A8AE7B400C94E60 /* View */,
				E529B1CB2A8AE7C000C94E60 /* ViewModel */,
			);
			path = Profile;
			sourceTree = "<group>";
		};
		E529B1B12A89453100C94E60 /* View */ = {
			isa = PBXGroup;
			children = (
				E529B19A2A88394700C94E60 /* LoginView.swift */,
				E529B19E2A883CBC00C94E60 /* AddEmailView.swift */,
				E529B1A02A883E4100C94E60 /* CreateUsernameView.swift */,
				E529B1A22A883F2900C94E60 /* CreatePasswordView.swift */,
				E529B1A42A883FE700C94E60 /* CompleteSignUpView.swift */,
			);
			path = View;
			sourceTree = "<group>";
		};
		E529B1B22A89459900C94E60 /* Service */ = {
			isa = PBXGroup;
			children = (
				E529B1B32A8945BD00C94E60 /* AuthService.swift */,
			);
			path = Service;
			sourceTree = "<group>";
		};
		E529B1B52A89485F00C94E60 /* Root */ = {
			isa = PBXGroup;
			children = (
				E529B1B62A89488200C94E60 /* View */,
				E529B1B72A89489100C94E60 /* ViewModel */,
			);
			path = Root;
			sourceTree = "<group>";
		};
		E529B1B62A89488200C94E60 /* View */ = {
			isa = PBXGroup;
			children = (
				DB3A7AC62A86890800160BFD /* ContentView.swift */,
			);
			path = View;
			sourceTree = "<group>";
		};
		E529B1B72A89489100C94E60 /* ViewModel */ = {
			isa = PBXGroup;
			children = (
				E529B1B82A8948F600C94E60 /* ContentViewModel.swift */,
			);
			path = ViewModel;
			sourceTree = "<group>";
		};
		E529B1BA2A89523800C94E60 /* ViewModel */ = {
			isa = PBXGroup;
			children = (
				E529B1BB2A89527000C94E60 /* RegistrationViewModel.swift */,
				E529B1C62A89A5B600C94E60 /* LoginViewModel.swift */,
			);
			path = ViewModel;
			sourceTree = "<group>";
		};
		E529B1BD2A895F4D00C94E60 /* Photo */ = {
			isa = PBXGroup;
			children = (
				DB3D4AA12A8C891F00E338AC /* ViewModel */,
				DB3D4AA02A8C891500E338AC /* View */,
			);
			path = Photo;
			sourceTree = "<group>";
		};
		E529B1C02A895F7E00C94E60 /* AI */ = {
			isa = PBXGroup;
			children = (
				DB3D4AAD2A9228D700E338AC /* View */,
				DB3D4AAC2A9228CF00E338AC /* ViewModel */,
			);
			path = AI;
			sourceTree = "<group>";
		};
		E529B1C32A895F9500C94E60 /* Collection */ = {
			isa = PBXGroup;
			children = (
				E529B1C42A895FA600C94E60 /* CollectionView.swift */,
			);
			path = Collection;
			sourceTree = "<group>";
		};
		E529B1CA2A8AE7B400C94E60 /* View */ = {
			isa = PBXGroup;
			children = (
				E529B1962A88288800C94E60 /* ProfileView.swift */,
				E529B1C82A8AE05A00C94E60 /* EditProfileView.swift */,
			);
			path = View;
			sourceTree = "<group>";
		};
		E529B1CB2A8AE7C000C94E60 /* ViewModel */ = {
			isa = PBXGroup;
			children = (
				E529B1CC2A8AE90400C94E60 /* EditProfileViewModel.swift */,
			);
			path = ViewModel;
			sourceTree = "<group>";
		};
/* End PBXGroup section */

/* Begin PBXNativeTarget section */
		DB3A7AC02A86890800160BFD /* ArtiPic */ = {
			isa = PBXNativeTarget;
			buildConfigurationList = DB3A7ACF2A86890900160BFD /* Build configuration list for PBXNativeTarget "ArtiPic" */;
			buildPhases = (
				DB3A7ABD2A86890800160BFD /* Sources */,
				DB3A7ABE2A86890800160BFD /* Frameworks */,
				DB3A7ABF2A86890800160BFD /* Resources */,
			);
			buildRules = (
			);
			dependencies = (
			);
			name = ArtiPic;
			packageProductDependencies = (
				E529B1A92A89436600C94E60 /* FirebaseAuth */,
				E529B1AB2A89436600C94E60 /* FirebaseFirestore */,
				E529B1AD2A89436600C94E60 /* FirebaseFirestoreSwift */,
				E529B1AF2A89436600C94E60 /* FirebaseStorage */,
				E529B1D12A8C437800C94E60 /* Kingfisher */,
				DB3D4AB32A922E0D00E338AC /* OpenAIKit */,
			);
			productName = ArtiPic;
			productReference = DB3A7AC12A86890800160BFD /* ArtiPic.app */;
			productType = "com.apple.product-type.application";
		};
/* End PBXNativeTarget section */

/* Begin PBXProject section */
		DB3A7AB92A86890800160BFD /* Project object */ = {
			isa = PBXProject;
			attributes = {
				BuildIndependentTargetsInParallel = 1;
				LastSwiftUpdateCheck = 1430;
				LastUpgradeCheck = 1430;
				TargetAttributes = {
					DB3A7AC02A86890800160BFD = {
						CreatedOnToolsVersion = 14.3.1;
					};
				};
			};
			buildConfigurationList = DB3A7ABC2A86890800160BFD /* Build configuration list for PBXProject "ArtiPic" */;
			compatibilityVersion = "Xcode 14.0";
			developmentRegion = en;
			hasScannedForEncodings = 0;
			knownRegions = (
				en,
				Base,
			);
			mainGroup = DB3A7AB82A86890800160BFD;
			packageReferences = (
				E529B1A82A89436600C94E60 /* XCRemoteSwiftPackageReference "firebase-ios-sdk" */,
				E529B1D02A8C437700C94E60 /* XCRemoteSwiftPackageReference "kingfisher" */,
				DB3D4AB22A922E0D00E338AC /* XCRemoteSwiftPackageReference "OpenAIKit" */,
			);
			productRefGroup = DB3A7AC22A86890800160BFD /* Products */;
			projectDirPath = "";
			projectRoot = "";
			targets = (
				DB3A7AC02A86890800160BFD /* ArtiPic */,
			);
		};
/* End PBXProject section */

/* Begin PBXResourcesBuildPhase section */
		DB3A7ABF2A86890800160BFD /* Resources */ = {
			isa = PBXResourcesBuildPhase;
			buildActionMask = 2147483647;
			files = (
				DB3A7ACC2A86890900160BFD /* Preview Assets.xcassets in Resources */,
				DB3A7AC92A86890900160BFD /* Assets.xcassets in Resources */,
				E529B1A72A8942CD00C94E60 /* GoogleService-Info.plist in Resources */,
			);
			runOnlyForDeploymentPostprocessing = 0;
		};
/* End PBXResourcesBuildPhase section */

/* Begin PBXSourcesBuildPhase section */
		DB3A7ABD2A86890800160BFD /* Sources */ = {
			isa = PBXSourcesBuildPhase;
			buildActionMask = 2147483647;
			files = (
				E529B19B2A88394700C94E60 /* LoginView.swift in Sources */,
				E529B1B92A8948F600C94E60 /* ContentViewModel.swift in Sources */,
				E529B1A52A883FE700C94E60 /* CompleteSignUpView.swift in Sources */,
				E529B1BF2A895F7100C94E60 /* PhotoView.swift in Sources */,
				E529B1BC2A89527000C94E60 /* RegistrationViewModel.swift in Sources */,
				DB3D4AB12A922DB600E338AC /* AIViewModel.swift in Sources */,
				E529B19F2A883CBC00C94E60 /* AddEmailView.swift in Sources */,
				E529B1B42A8945BD00C94E60 /* AuthService.swift in Sources */,
				E529B1972A88288800C94E60 /* ProfileView.swift in Sources */,
				E529B1C72A89A5B600C94E60 /* LoginViewModel.swift in Sources */,
				E529B1A12A883E4100C94E60 /* CreateUsernameView.swift in Sources */,
				E529B1C52A895FA600C94E60 /* CollectionView.swift in Sources */,
				DB3A7AC72A86890800160BFD /* ContentView.swift in Sources */,
				E529B1CD2A8AE90400C94E60 /* EditProfileViewModel.swift in Sources */,
				E529B1D42A8C440C00C94E60 /* CircularProfileImageView.swift in Sources */,
				DB3D4AAB2A8D418300E338AC /* ImagePicker.swift in Sources */,
				DB3A7AC52A86890800160BFD /* ArtiPicApp.swift in Sources */,
				E529B1CF2A8AF22D00C94E60 /* ImageUploader.swift in Sources */,
				E529B1C92A8AE05A00C94E60 /* EditProfileView.swift in Sources */,
				E529B19D2A8839D200C94E60 /* TextFieldModifier.swift in Sources */,
				E529B1C22A895F8E00C94E60 /* AIView.swift in Sources */,
				E529B1A32A883F2900C94E60 /* CreatePasswordView.swift in Sources */,
				E529B1992A8829B700C94E60 /* User.swift in Sources */,
				E529B1942A88233100C94E60 /* MainTabView.swift in Sources */,
			);
			runOnlyForDeploymentPostprocessing = 0;
		};
/* End PBXSourcesBuildPhase section */

/* Begin XCBuildConfiguration section */
		DB3A7ACD2A86890900160BFD /* Debug */ = {
			isa = XCBuildConfiguration;
			buildSettings = {
				ALWAYS_SEARCH_USER_PATHS = NO;
				CLANG_ANALYZER_NONNULL = YES;
				CLANG_ANALYZER_NUMBER_OBJECT_CONVERSION = YES_AGGRESSIVE;
				CLANG_CXX_LANGUAGE_STANDARD = "gnu++20";
				CLANG_ENABLE_MODULES = YES;
				CLANG_ENABLE_OBJC_ARC = YES;
				CLANG_ENABLE_OBJC_WEAK = YES;
				CLANG_WARN_BLOCK_CAPTURE_AUTORELEASING = YES;
				CLANG_WARN_BOOL_CONVERSION = YES;
				CLANG_WARN_COMMA = YES;
				CLANG_WARN_CONSTANT_CONVERSION = YES;
				CLANG_WARN_DEPRECATED_OBJC_IMPLEMENTATIONS = YES;
				CLANG_WARN_DIRECT_OBJC_ISA_USAGE = YES_ERROR;
				CLANG_WARN_DOCUMENTATION_COMMENTS = YES;
				CLANG_WARN_EMPTY_BODY = YES;
				CLANG_WARN_ENUM_CONVERSION = YES;
				CLANG_WARN_INFINITE_RECURSION = YES;
				CLANG_WARN_INT_CONVERSION = YES;
				CLANG_WARN_NON_LITERAL_NULL_CONVERSION = YES;
				CLANG_WARN_OBJC_IMPLICIT_RETAIN_SELF = YES;
				CLANG_WARN_OBJC_LITERAL_CONVERSION = YES;
				CLANG_WARN_OBJC_ROOT_CLASS = YES_ERROR;
				CLANG_WARN_QUOTED_INCLUDE_IN_FRAMEWORK_HEADER = YES;
				CLANG_WARN_RANGE_LOOP_ANALYSIS = YES;
				CLANG_WARN_STRICT_PROTOTYPES = YES;
				CLANG_WARN_SUSPICIOUS_MOVE = YES;
				CLANG_WARN_UNGUARDED_AVAILABILITY = YES_AGGRESSIVE;
				CLANG_WARN_UNREACHABLE_CODE = YES;
				CLANG_WARN__DUPLICATE_METHOD_MATCH = YES;
				COPY_PHASE_STRIP = NO;
				DEBUG_INFORMATION_FORMAT = dwarf;
				ENABLE_STRICT_OBJC_MSGSEND = YES;
				ENABLE_TESTABILITY = YES;
				GCC_C_LANGUAGE_STANDARD = gnu11;
				GCC_DYNAMIC_NO_PIC = NO;
				GCC_NO_COMMON_BLOCKS = YES;
				GCC_OPTIMIZATION_LEVEL = 0;
				GCC_PREPROCESSOR_DEFINITIONS = (
					"DEBUG=1",
					"$(inherited)",
				);
				GCC_WARN_64_TO_32_BIT_CONVERSION = YES;
				GCC_WARN_ABOUT_RETURN_TYPE = YES_ERROR;
				GCC_WARN_UNDECLARED_SELECTOR = YES;
				GCC_WARN_UNINITIALIZED_AUTOS = YES_AGGRESSIVE;
				GCC_WARN_UNUSED_FUNCTION = YES;
				GCC_WARN_UNUSED_VARIABLE = YES;
				IPHONEOS_DEPLOYMENT_TARGET = 16.4;
				MTL_ENABLE_DEBUG_INFO = INCLUDE_SOURCE;
				MTL_FAST_MATH = YES;
				ONLY_ACTIVE_ARCH = YES;
				SDKROOT = iphoneos;
				SWIFT_ACTIVE_COMPILATION_CONDITIONS = DEBUG;
				SWIFT_OPTIMIZATION_LEVEL = "-Onone";
			};
			name = Debug;
		};
		DB3A7ACE2A86890900160BFD /* Release */ = {
			isa = XCBuildConfiguration;
			buildSettings = {
				ALWAYS_SEARCH_USER_PATHS = NO;
				CLANG_ANALYZER_NONNULL = YES;
				CLANG_ANALYZER_NUMBER_OBJECT_CONVERSION = YES_AGGRESSIVE;
				CLANG_CXX_LANGUAGE_STANDARD = "gnu++20";
				CLANG_ENABLE_MODULES = YES;
				CLANG_ENABLE_OBJC_ARC = YES;
				CLANG_ENABLE_OBJC_WEAK = YES;
				CLANG_WARN_BLOCK_CAPTURE_AUTORELEASING = YES;
				CLANG_WARN_BOOL_CONVERSION = YES;
				CLANG_WARN_COMMA = YES;
				CLANG_WARN_CONSTANT_CONVERSION = YES;
				CLANG_WARN_DEPRECATED_OBJC_IMPLEMENTATIONS = YES;
				CLANG_WARN_DIRECT_OBJC_ISA_USAGE = YES_ERROR;
				CLANG_WARN_DOCUMENTATION_COMMENTS = YES;
				CLANG_WARN_EMPTY_BODY = YES;
				CLANG_WARN_ENUM_CONVERSION = YES;
				CLANG_WARN_INFINITE_RECURSION = YES;
				CLANG_WARN_INT_CONVERSION = YES;
				CLANG_WARN_NON_LITERAL_NULL_CONVERSION = YES;
				CLANG_WARN_OBJC_IMPLICIT_RETAIN_SELF = YES;
				CLANG_WARN_OBJC_LITERAL_CONVERSION = YES;
				CLANG_WARN_OBJC_ROOT_CLASS = YES_ERROR;
				CLANG_WARN_QUOTED_INCLUDE_IN_FRAMEWORK_HEADER = YES;
				CLANG_WARN_RANGE_LOOP_ANALYSIS = YES;
				CLANG_WARN_STRICT_PROTOTYPES = YES;
				CLANG_WARN_SUSPICIOUS_MOVE = YES;
				CLANG_WARN_UNGUARDED_AVAILABILITY = YES_AGGRESSIVE;
				CLANG_WARN_UNREACHABLE_CODE = YES;
				CLANG_WARN__DUPLICATE_METHOD_MATCH = YES;
				COPY_PHASE_STRIP = NO;
				DEBUG_INFORMATION_FORMAT = "dwarf-with-dsym";
				ENABLE_NS_ASSERTIONS = NO;
				ENABLE_STRICT_OBJC_MSGSEND = YES;
				GCC_C_LANGUAGE_STANDARD = gnu11;
				GCC_NO_COMMON_BLOCKS = YES;
				GCC_WARN_64_TO_32_BIT_CONVERSION = YES;
				GCC_WARN_ABOUT_RETURN_TYPE = YES_ERROR;
				GCC_WARN_UNDECLARED_SELECTOR = YES;
				GCC_WARN_UNINITIALIZED_AUTOS = YES_AGGRESSIVE;
				GCC_WARN_UNUSED_FUNCTION = YES;
				GCC_WARN_UNUSED_VARIABLE = YES;
				IPHONEOS_DEPLOYMENT_TARGET = 16.4;
				MTL_ENABLE_DEBUG_INFO = NO;
				MTL_FAST_MATH = YES;
				SDKROOT = iphoneos;
				SWIFT_COMPILATION_MODE = wholemodule;
				SWIFT_OPTIMIZATION_LEVEL = "-O";
				VALIDATE_PRODUCT = YES;
			};
			name = Release;
		};
		DB3A7AD02A86890900160BFD /* Debug */ = {
			isa = XCBuildConfiguration;
			buildSettings = {
				ASSETCATALOG_COMPILER_APPICON_NAME = AppIcon;
				ASSETCATALOG_COMPILER_GLOBAL_ACCENT_COLOR_NAME = AccentColor;
				CODE_SIGN_STYLE = Automatic;
				CURRENT_PROJECT_VERSION = 1;
				DEVELOPMENT_ASSET_PATHS = "\"ArtiPic/Preview Content\"";
				DEVELOPMENT_TEAM = 6A66F59VZV;
				ENABLE_PREVIEWS = YES;
				GENERATE_INFOPLIST_FILE = YES;
				INFOPLIST_KEY_UIApplicationSceneManifest_Generation = YES;
				INFOPLIST_KEY_UIApplicationSupportsIndirectInputEvents = YES;
				INFOPLIST_KEY_UILaunchScreen_Generation = YES;
				INFOPLIST_KEY_UISupportedInterfaceOrientations_iPad = "UIInterfaceOrientationPortrait UIInterfaceOrientationPortraitUpsideDown UIInterfaceOrientationLandscapeLeft UIInterfaceOrientationLandscapeRight";
				INFOPLIST_KEY_UISupportedInterfaceOrientations_iPhone = "UIInterfaceOrientationPortrait UIInterfaceOrientationLandscapeLeft UIInterfaceOrientationLandscapeRight";
				LD_RUNPATH_SEARCH_PATHS = (
					"$(inherited)",
					"@executable_path/Frameworks",
				);
				MARKETING_VERSION = 1.0;
				PRODUCT_BUNDLE_IDENTIFIER = com.shuxinweng.ArtiPic;
				PRODUCT_NAME = "$(TARGET_NAME)";
				SWIFT_EMIT_LOC_STRINGS = YES;
				SWIFT_VERSION = 5.0;
				TARGETED_DEVICE_FAMILY = "1,2";
			};
			name = Debug;
		};
		DB3A7AD12A86890900160BFD /* Release */ = {
			isa = XCBuildConfiguration;
			buildSettings = {
				ASSETCATALOG_COMPILER_APPICON_NAME = AppIcon;
				ASSETCATALOG_COMPILER_GLOBAL_ACCENT_COLOR_NAME = AccentColor;
				CODE_SIGN_STYLE = Automatic;
				CURRENT_PROJECT_VERSION = 1;
				DEVELOPMENT_ASSET_PATHS = "\"ArtiPic/Preview Content\"";
				DEVELOPMENT_TEAM = 6A66F59VZV;
				ENABLE_PREVIEWS = YES;
				GENERATE_INFOPLIST_FILE = YES;
				INFOPLIST_KEY_UIApplicationSceneManifest_Generation = YES;
				INFOPLIST_KEY_UIApplicationSupportsIndirectInputEvents = YES;
				INFOPLIST_KEY_UILaunchScreen_Generation = YES;
				INFOPLIST_KEY_UISupportedInterfaceOrientations_iPad = "UIInterfaceOrientationPortrait UIInterfaceOrientationPortraitUpsideDown UIInterfaceOrientationLandscapeLeft UIInterfaceOrientationLandscapeRight";
				INFOPLIST_KEY_UISupportedInterfaceOrientations_iPhone = "UIInterfaceOrientationPortrait UIInterfaceOrientationLandscapeLeft UIInterfaceOrientationLandscapeRight";
				LD_RUNPATH_SEARCH_PATHS = (
					"$(inherited)",
					"@executable_path/Frameworks",
				);
				MARKETING_VERSION = 1.0;
				PRODUCT_BUNDLE_IDENTIFIER = com.shuxinweng.ArtiPic;
				PRODUCT_NAME = "$(TARGET_NAME)";
				SWIFT_EMIT_LOC_STRINGS = YES;
				SWIFT_VERSION = 5.0;
				TARGETED_DEVICE_FAMILY = "1,2";
			};
			name = Release;
		};
/* End XCBuildConfiguration section */

/* Begin XCConfigurationList section */
		DB3A7ABC2A86890800160BFD /* Build configuration list for PBXProject "ArtiPic" */ = {
			isa = XCConfigurationList;
			buildConfigurations = (
				DB3A7ACD2A86890900160BFD /* Debug */,
				DB3A7ACE2A86890900160BFD /* Release */,
			);
			defaultConfigurationIsVisible = 0;
			defaultConfigurationName = Release;
		};
		DB3A7ACF2A86890900160BFD /* Build configuration list for PBXNativeTarget "ArtiPic" */ = {
			isa = XCConfigurationList;
			buildConfigurations = (
				DB3A7AD02A86890900160BFD /* Debug */,
				DB3A7AD12A86890900160BFD /* Release */,
			);
			defaultConfigurationIsVisible = 0;
			defaultConfigurationName = Release;
		};
/* End XCConfigurationList section */

/* Begin XCRemoteSwiftPackageReference section */
		DB3D4AB22A922E0D00E338AC /* XCRemoteSwiftPackageReference "OpenAIKit" */ = {
			isa = XCRemoteSwiftPackageReference;
			repositoryURL = "https://github.com/MarcoDotIO/OpenAIKit";
			requirement = {
				kind = upToNextMajorVersion;
				minimumVersion = 1.0.0;
			};
		};
		E529B1A82A89436600C94E60 /* XCRemoteSwiftPackageReference "firebase-ios-sdk" */ = {
			isa = XCRemoteSwiftPackageReference;
			repositoryURL = "https://github.com/firebase/firebase-ios-sdk";
			requirement = {
				kind = upToNextMajorVersion;
				minimumVersion = 10.0.0;
			};
		};
		E529B1D02A8C437700C94E60 /* XCRemoteSwiftPackageReference "kingfisher" */ = {
			isa = XCRemoteSwiftPackageReference;
			repositoryURL = "https://github.com/onevcat/kingfisher";
			requirement = {
				kind = upToNextMajorVersion;
				minimumVersion = 7.0.0;
			};
		};
/* End XCRemoteSwiftPackageReference section */

/* Begin XCSwiftPackageProductDependency section */
		DB3D4AB32A922E0D00E338AC /* OpenAIKit */ = {
			isa = XCSwiftPackageProductDependency;
			package = DB3D4AB22A922E0D00E338AC /* XCRemoteSwiftPackageReference "OpenAIKit" */;
			productName = OpenAIKit;
		};
		E529B1A92A89436600C94E60 /* FirebaseAuth */ = {
			isa = XCSwiftPackageProductDependency;
			package = E529B1A82A89436600C94E60 /* XCRemoteSwiftPackageReference "firebase-ios-sdk" */;
			productName = FirebaseAuth;
		};
		E529B1AB2A89436600C94E60 /* FirebaseFirestore */ = {
			isa = XCSwiftPackageProductDependency;
			package = E529B1A82A89436600C94E60 /* XCRemoteSwiftPackageReference "firebase-ios-sdk" */;
			productName = FirebaseFirestore;
		};
		E529B1AD2A89436600C94E60 /* FirebaseFirestoreSwift */ = {
			isa = XCSwiftPackageProductDependency;
			package = E529B1A82A89436600C94E60 /* XCRemoteSwiftPackageReference "firebase-ios-sdk" */;
			productName = FirebaseFirestoreSwift;
		};
		E529B1AF2A89436600C94E60 /* FirebaseStorage */ = {
			isa = XCSwiftPackageProductDependency;
			package = E529B1A82A89436600C94E60 /* XCRemoteSwiftPackageReference "firebase-ios-sdk" */;
			productName = FirebaseStorage;
		};
		E529B1D12A8C437800C94E60 /* Kingfisher */ = {
			isa = XCSwiftPackageProductDependency;
			package = E529B1D02A8C437700C94E60 /* XCRemoteSwiftPackageReference "kingfisher" */;
			productName = Kingfisher;
		};
/* End XCSwiftPackageProductDependency section */
	};
	rootObject = DB3A7AB92A86890800160BFD /* Project object */;
}
